
Microsoft Visual Studio Solution File, Format Version 12.00
# Visual Studio 15
VisualStudioVersion = 15.0.28307.1169
MinimumVisualStudioVersion = 10.0.40219.1
Project("{FAE04EC0-301F-11D3-BF4B-00C04F79EFBC}") = "Phoneword.Android", "Phoneword\Phoneword.Android\Phoneword.Android.csproj", "{A06F36AC-F6D6-4F08-B9EE-316C10436E78}"
EndProject
Project("{FAE04EC0-301F-11D3-BF4B-00C04F79EFBC}") = "Phoneword.iOS", "Phoneword\Phoneword.iOS\Phoneword.iOS.csproj", "{890D846B-5CB0-4B20-B224-DD9775C9D832}"
EndProject
Project("{FAE04EC0-301F-11D3-BF4B-00C04F79EFBC}") = "Phoneword", "Phoneword\Phoneword\Phoneword.csproj", "{62E02D15-9A97-4A07-B5B5-673DE3AE80BC}"
EndProject
Global
	GlobalSection(SolutionConfigurationPlatforms) = preSolution
		Ad-Hoc|Any CPU = Ad-Hoc|Any CPU
		Ad-Hoc|iPhone = Ad-Hoc|iPhone
		Ad-Hoc|iPhoneSimulator = Ad-Hoc|iPhoneSimulator
		AppStore|Any CPU = AppStore|Any CPU
		AppStore|iPhone = AppStore|iPhone
		AppStore|iPhoneSimulator = AppStore|iPhoneSimulator
		Debug|Any CPU = Debug|Any CPU
		Debug|iPhone = Debug|iPhone
		Debug|iPhoneSimulator = Debug|iPhoneSimulator
		Release|Any CPU = Release|Any CPU
		Release|iPhone = Release|iPhone
		Release|iPhoneSimulator = Release|iPhoneSimulator
	EndGlobalSection
	GlobalSection(ProjectConfigurationPlatforms) = postSolution
		{A06F36AC-F6D6-4F08-B9EE-316C10436E78}.Ad-Hoc|Any CPU.ActiveCfg = Release|Any CPU
		{A06F36AC-F6D6-4F08-B9EE-316C10436E78}.Ad-Hoc|Any CPU.Build.0 = Release|Any CPU
		{A06F36AC-F6D6-4F08-B9EE-316C10436E78}.Ad-Hoc|Any CPU.Deploy.0 = Release|Any CPU
		{A06F36AC-F6D6-4F08-B9EE-316C10436E78}.Ad-Hoc|iPhone.ActiveCfg = Release|Any CPU
		{A06F36AC-F6D6-4F08-B9EE-316C10436E78}.Ad-Hoc|iPhone.Build.0 = Release|Any CPU
		{A06F36AC-F6D6-4F08-B9EE-316C10436E78}.Ad-Hoc|iPhone.Deploy.0 = Release|Any CPU
		{A06F36AC-F6D6-4F08-B9EE-316C10436E78}.Ad-Hoc|iPhoneSimulator.ActiveCfg = Release|Any CPU
		{A06F36AC-F6D6-4F08-B9EE-316C10436E78}.Ad-Hoc|iPhoneSimulator.Build.0 = Release|Any CPU
		{A06F36AC-F6D6-4F08-B9EE-316C10436E78}.Ad-Hoc|iPhoneSimulator.Deploy.0 = Release|Any CPU
		{A06F36AC-F6D6-4F08-B9EE-316C10436E78}.AppStore|Any CPU.ActiveCfg = Release|Any CPU
		{A06F36AC-F6D6-4F08-B9EE-316C10436E78}.AppStore|Any CPU.Build.0 = Release|Any CPU
		{A06F36AC-F6D6-4F08-B9EE-316C10436E78}.AppStore|Any CPU.Deploy.0 = Release|Any CPU
		{A06F36AC-F6D6-4F08-B9EE-316C10436E78}.AppStore|iPhone.ActiveCfg = Release|Any CPU
		{A06F36AC-F6D6-4F08-B9EE-316C10436E78}.AppStore|iPhone.Build.0 = Release|Any CPU
		{A06F36AC-F6D6-4F08-B9EE-316C10436E78}.AppStore|iPhone.Deploy.0 = Release|Any CPU
		{A06F36AC-F6D6-4F08-B9EE-316C10436E78}.AppStore|iPhoneSimulator.ActiveCfg = Release|Any CPU
		{A06F36AC-F6D6-4F08-B9EE-316C10436E78}.AppStore|iPhoneSimulator.Build.0 = Release|Any CPU
		{A06F36AC-F6D6-4F08-B9EE-316C10436E78}.AppStore|iPhoneSimulator.Deploy.0 = Release|Any CPU
		{A06F36AC-F6D6-4F08-B9EE-316C10436E78}.Debug|Any CPU.ActiveCfg = Debug|Any CPU
		{A06F36AC-F6D6-4F08-B9EE-316C10436E78}.Debug|Any CPU.Build.0 = Debug|Any CPU
		{A06F36AC-F6D6-4F08-B9EE-316C10436E78}.Debug|Any CPU.Deploy.0 = Debug|Any CPU
		{A06F36AC-F6D6-4F08-B9EE-316C10436E78}.Debug|iPhone.ActiveCfg = Debug|Any CPU
		{A06F36AC-F6D6-4F08-B9EE-316C10436E78}.Debug|iPhone.Build.0 = Debug|Any CPU
		{A06F36AC-F6D6-4F08-B9EE-316C10436E78}.Debug|iPhone.Deploy.0 = Debug|Any CPU
		{A06F36AC-F6D6-4F08-B9EE-316C10436E78}.Debug|iPhoneSimulator.ActiveCfg = Debug|Any CPU
		{A06F36AC-F6D6-4F08-B9EE-316C10436E78}.Debug|iPhoneSimulator.Build.0 = Debug|Any CPU
		{A06F36AC-F6D6-4F08-B9EE-316C10436E78}.Debug|iPhoneSimulator.Deploy.0 = Debug|Any CPU
		{A06F36AC-F6D6-4F08-B9EE-316C10436E78}.Release|Any CPU.ActiveCfg = Release|Any CPU
		{A06F36AC-F6D6-4F08-B9EE-316C10436E78}.Release|Any CPU.Build.0 = Release|Any CPU
		{A06F36AC-F6D6-4F08-B9EE-316C10436E78}.Release|Any CPU.Deploy.0 = Release|Any CPU
		{A06F36AC-F6D6-4F08-B9EE-316C10436E78}.Release|iPhone.ActiveCfg = Release|Any CPU
		{A06F36AC-F6D6-4F08-B9EE-316C10436E78}.Release|iPhone.Build.0 = Release|Any CPU
		{A06F36AC-F6D6-4F08-B9EE-316C10436E78}.Release|iPhone.Deploy.0 = Release|Any CPU
		{A06F36AC-F6D6-4F08-B9EE-316C10436E78}.Release|iPhoneSimulator.ActiveCfg = Release|Any CPU
		{A06F36AC-F6D6-4F08-B9EE-316C10436E78}.Release|iPhoneSimulator.Build.0 = Release|Any CPU
		{A06F36AC-F6D6-4F08-B9EE-316C10436E78}.Release|iPhoneSimulator.Deploy.0 = Release|Any CPU
		{890D846B-5CB0-4B20-B224-DD9775C9D832}.Ad-Hoc|Any CPU.ActiveCfg = Ad-Hoc|iPhone
		{890D846B-5CB0-4B20-B224-DD9775C9D832}.Ad-Hoc|Any CPU.Build.0 = Ad-Hoc|iPhone
		{890D846B-5CB0-4B20-B224-DD9775C9D832}.Ad-Hoc|Any CPU.Deploy.0 = Ad-Hoc|iPhone
		{890D846B-5CB0-4B20-B224-DD9775C9D832}.Ad-Hoc|iPhone.ActiveCfg = Ad-Hoc|iPhone
		{890D846B-5CB0-4B20-B224-DD9775C9D832}.Ad-Hoc|iPhone.Build.0 = Ad-Hoc|iPhone
		{890D846B-5CB0-4B20-B224-DD9775C9D832}.Ad-Hoc|iPhone.Deploy.0 = Ad-Hoc|iPhone
		{890D846B-5CB0-4B20-B224-DD9775C9D832}.Ad-Hoc|iPhoneSimulator.ActiveCfg = Ad-Hoc|iPhoneSimulator
		{890D846B-5CB0-4B20-B224-DD9775C9D832}.Ad-Hoc|iPhoneSimulator.Build.0 = Ad-Hoc|iPhoneSimulator
		{890D846B-5CB0-4B20-B224-DD9775C9D832}.Ad-Hoc|iPhoneSimulator.Deploy.0 = Ad-Hoc|iPhoneSimulator
		{890D846B-5CB0-4B20-B224-DD9775C9D832}.AppStore|Any CPU.ActiveCfg = AppStore|iPhone
		{890D846B-5CB0-4B20-B224-DD9775C9D832}.AppStore|Any CPU.Build.0 = AppStore|iPhone
		{890D846B-5CB0-4B20-B224-DD9775C9D832}.AppStore|Any CPU.Deploy.0 = AppStore|iPhone
		{890D846B-5CB0-4B20-B224-DD9775C9D832}.AppStore|iPhone.ActiveCfg = AppStore|iPhone
		{890D846B-5CB0-4B20-B224-DD9775C9D832}.AppStore|iPhone.Build.0 = AppStore|iPhone
		{890D846B-5CB0-4B20-B224-DD9775C9D832}.AppStore|iPhone.Deploy.0 = AppStore|iPhone
		{890D846B-5CB0-4B20-B224-DD9775C9D832}.AppStore|iPhoneSimulator.ActiveCfg = AppStore|iPhoneSimulator
		{890D846B-5CB0-4B20-B224-DD9775C9D832}.AppStore|iPhoneSimulator.Build.0 = AppStore|iPhoneSimulator
		{890D846B-5CB0-4B20-B224-DD9775C9D832}.AppStore|iPhoneSimulator.Deploy.0 = AppStore|iPhoneSimulator
		{890D846B-5CB0-4B20-B224-DD9775C9D832}.Debug|Any CPU.ActiveCfg = Debug|iPhoneSimulator
		{890D846B-5CB0-4B20-B224-DD9775C9D832}.Debug|Any CPU.Build.0 = Debug|iPhoneSimulator
		{890D846B-5CB0-4B20-B224-DD9775C9D832}.Debug|Any CPU.Deploy.0 = Debug|iPhoneSimulator
		{890D846B-5CB0-4B20-B224-DD9775C9D832}.Debug|iPhone.ActiveCfg = Debug|iPhone
		{890D846B-5CB0-4B20-B224-DD9775C9D832}.Debug|iPhone.Build.0 = Debug|iPhone
		{890D846B-5CB0-4B20-B224-DD9775C9D832}.Debug|iPhone.Deploy.0 = Debug|iPhone
		{890D846B-5CB0-4B20-B224-DD9775C9D832}.Debug|iPhoneSimulator.ActiveCfg = Debug|iPhoneSimulator
		{890D846B-5CB0-4B20-B224-DD9775C9D832}.Debug|iPhoneSimulator.Build.0 = Debug|iPhoneSimulator
		{890D846B-5CB0-4B20-B224-DD9775C9D832}.Debug|iPhoneSimulator.Deploy.0 = Debug|iPhoneSimulator
		{890D846B-5CB0-4B20-B224-DD9775C9D832}.Release|Any CPU.ActiveCfg = Release|iPhone
		{890D846B-5CB0-4B20-B224-DD9775C9D832}.Release|Any CPU.Build.0 = Release|iPhone
		{890D846B-5CB0-4B20-B224-DD9775C9D832}.Release|Any CPU.Deploy.0 = Release|iPhone
		{890D846B-5CB0-4B20-B224-DD9775C9D832}.Release|iPhone.ActiveCfg = Release|iPhone
		{890D846B-5CB0-4B20-B224-DD9775C9D832}.Release|iPhone.Build.0 = Release|iPhone
		{890D846B-5CB0-4B20-B224-DD9775C9D832}.Release|iPhone.Deploy.0 = Release|iPhone
		{890D846B-5CB0-4B20-B224-DD9775C9D832}.Release|iPhoneSimulator.ActiveCfg = Release|iPhoneSimulator
		{890D846B-5CB0-4B20-B224-DD9775C9D832}.Release|iPhoneSimulator.Build.0 = Release|iPhoneSimulator
		{890D846B-5CB0-4B20-B224-DD9775C9D832}.Release|iPhoneSimulator.Deploy.0 = Release|iPhoneSimulator
		{62E02D15-9A97-4A07-B5B5-673DE3AE80BC}.Ad-Hoc|Any CPU.ActiveCfg = Debug|Any CPU
		{62E02D15-9A97-4A07-B5B5-673DE3AE80BC}.Ad-Hoc|Any CPU.Build.0 = Debug|Any CPU
		{62E02D15-9A97-4A07-B5B5-673DE3AE80BC}.Ad-Hoc|Any CPU.Deploy.0 = Debug|Any CPU
		{62E02D15-9A97-4A07-B5B5-673DE3AE80BC}.Ad-Hoc|iPhone.ActiveCfg = Debug|Any CPU
		{62E02D15-9A97-4A07-B5B5-673DE3AE80BC}.Ad-Hoc|iPhone.Build.0 = Debug|Any CPU
		{62E02D15-9A97-4A07-B5B5-673DE3AE80BC}.Ad-Hoc|iPhone.Deploy.0 = Debug|Any CPU
		{62E02D15-9A97-4A07-B5B5-673DE3AE80BC}.Ad-Hoc|iPhoneSimulator.ActiveCfg = Debug|Any CPU
		{62E02D15-9A97-4A07-B5B5-673DE3AE80BC}.Ad-Hoc|iPhoneSimulator.Build.0 = Debug|Any CPU
		{62E02D15-9A97-4A07-B5B5-673DE3AE80BC}.Ad-Hoc|iPhoneSimulator.Deploy.0 = Debug|Any CPU
		{62E02D15-9A97-4A07-B5B5-673DE3AE80BC}.AppStore|Any CPU.ActiveCfg = Debug|Any CPU
		{62E02D15-9A97-4A07-B5B5-673DE3AE80BC}.AppStore|Any CPU.Build.0 = Debug|Any CPU
		{62E02D15-9A97-4A07-B5B5-673DE3AE80BC}.AppStore|Any CPU.Deploy.0 = Debug|Any CPU
		{62E02D15-9A97-4A07-B5B5-673DE3AE80BC}.AppStore|iPhone.ActiveCfg = Debug|Any CPU
		{62E02D15-9A97-4A07-B5B5-673DE3AE80BC}.AppStore|iPhone.Build.0 = Debug|Any CPU
		{62E02D15-9A97-4A07-B5B5-673DE3AE80BC}.AppStore|iPhone.Deploy.0 = Debug|Any CPU
		{62E02D15-9A97-4A07-B5B5-673DE3AE80BC}.AppStore|iPhoneSimulator.ActiveCfg = Debug|Any CPU
		{62E02D15-9A97-4A07-B5B5-673DE3AE80BC}.AppStore|iPhoneSimulator.Build.0 = Debug|Any CPU
		{62E02D15-9A97-4A07-B5B5-673DE3AE80BC}.AppStore|iPhoneSimulator.Deploy.0 = Debug|Any CPU
		{62E02D15-9A97-4A07-B5B5-673DE3AE80BC}.Debug|Any CPU.ActiveCfg = Debug|Any CPU
		{62E02D15-9A97-4A07-B5B5-673DE3AE80BC}.Debug|Any CPU.Build.0 = Debug|Any CPU
		{62E02D15-9A97-4A07-B5B5-673DE3AE80BC}.Debug|Any CPU.Deploy.0 = Debug|Any CPU
		{62E02D15-9A97-4A07-B5B5-673DE3AE80BC}.Debug|iPhone.ActiveCfg = Debug|Any CPU
		{62E02D15-9A97-4A07-B5B5-673DE3AE80BC}.Debug|iPhone.Build.0 = Debug|Any CPU
		{62E02D15-9A97-4A07-B5B5-673DE3AE80BC}.Debug|iPhone.Deploy.0 = Debug|Any CPU
		{62E02D15-9A97-4A07-B5B5-673DE3AE80BC}.Debug|iPhoneSimulator.ActiveCfg = Debug|Any CPU
		{62E02D15-9A97-4A07-B5B5-673DE3AE80BC}.Debug|iPhoneSimulator.Build.0 = Debug|Any CPU
		{62E02D15-9A97-4A07-B5B5-673DE3AE80BC}.Debug|iPhoneSimulator.Deploy.0 = Debug|Any CPU
		{62E02D15-9A97-4A07-B5B5-673DE3AE80BC}.Release|Any CPU.ActiveCfg = Release|Any CPU
		{62E02D15-9A97-4A07-B5B5-673DE3AE80BC}.Release|Any CPU.Build.0 = Release|Any CPU
		{62E02D15-9A97-4A07-B5B5-673DE3AE80BC}.Release|Any CPU.Deploy.0 = Release|Any CPU
		{62E02D15-9A97-4A07-B5B5-673DE3AE80BC}.Release|iPhone.ActiveCfg = Release|Any CPU
		{62E02D15-9A97-4A07-B5B5-673DE3AE80BC}.Release|iPhone.Build.0 = Release|Any CPU
		{62E02D15-9A97-4A07-B5B5-673DE3AE80BC}.Release|iPhone.Deploy.0 = Release|Any CPU
		{62E02D15-9A97-4A07-B5B5-673DE3AE80BC}.Release|iPhoneSimulator.ActiveCfg = Release|Any CPU
		{62E02D15-9A97-4A07-B5B5-673DE3AE80BC}.Release|iPhoneSimulator.Build.0 = Release|Any CPU
		{62E02D15-9A97-4A07-B5B5-673DE3AE80BC}.Release|iPhoneSimulator.Deploy.0 = Release|Any CPU
	EndGlobalSection
	GlobalSection(SolutionProperties) = preSolution
		HideSolutionNode = FALSE
	EndGlobalSection
	GlobalSection(ExtensibilityGlobals) = postSolution
		SolutionGuid = {B2D86072-A878-4CC9-BE3C-06A7DFA0280A}
	EndGlobalSection
EndGlobal
